
Microsoft Visual Studio Solution File, Format Version 12.00
# Visual Studio Version 16
VisualStudioVersion = 16.0.31702.278
MinimumVisualStudioVersion = 10.0.40219.1
Project("{FAE04EC0-301F-11D3-BF4B-00C04F79EFBC}") = "condicao_if", "condicao_if.csproj", "{B8AD6CD5-EDDF-4343-8D8C-7F9921F6B0D4}"
EndProject
Global
	GlobalSection(SolutionConfigurationPlatforms) = preSolution
		Debug|Any CPU = Debug|Any CPU
		Release|Any CPU = Release|Any CPU
	EndGlobalSection
	GlobalSection(ProjectConfigurationPlatforms) = postSolution
		{B8AD6CD5-EDDF-4343-8D8C-7F9921F6B0D4}.Debug|Any CPU.ActiveCfg = Debug|Any CPU
		{B8AD6CD5-EDDF-4343-8D8C-7F9921F6B0D4}.Debug|Any CPU.Build.0 = Debug|Any CPU
		{B8AD6CD5-EDDF-4343-8D8C-7F9921F6B0D4}.Release|Any CPU.ActiveCfg = Release|Any CPU
		{B8AD6CD5-EDDF-4343-8D8C-7F9921F6B0D4}.Release|Any CPU.Build.0 = Release|Any CPU
	EndGlobalSection
	GlobalSection(SolutionProperties) = preSolution
		HideSolutionNode = FALSE
	EndGlobalSection
	GlobalSection(ExtensibilityGlobals) = postSolution
		SolutionGuid = {009175AA-3FA4-45B4-A7F8-FE9FAD4B55DB}
	EndGlobalSection
EndGlobal
